
Microsoft Visual Studio Solution File, Format Version 12.00
# Visual Studio 15
VisualStudioVersion = 15.0.28010.2046
MinimumVisualStudioVersion = 10.0.40219.1
Project("{FAE04EC0-301F-11D3-BF4B-00C04F79EFBC}") = "TicTacToe", "TicTacToe\TicTacToe.csproj", "{04E5A069-9A5E-4090-B353-5E37C07F5432}"
EndProject
Global
	GlobalSection(SolutionConfigurationPlatforms) = preSolution
		Debug|Any CPU = Debug|Any CPU
		Release|Any CPU = Release|Any CPU
	EndGlobalSection
	GlobalSection(ProjectConfigurationPlatforms) = postSolution
		{04E5A069-9A5E-4090-B353-5E37C07F5432}.Debug|Any CPU.ActiveCfg = Debug|Any CPU
		{04E5A069-9A5E-4090-B353-5E37C07F5432}.Debug|Any CPU.Build.0 = Debug|Any CPU
		{04E5A069-9A5E-4090-B353-5E37C07F5432}.Release|Any CPU.ActiveCfg = Release|Any CPU
		{04E5A069-9A5E-4090-B353-5E37C07F5432}.Release|Any CPU.Build.0 = Release|Any CPU
	EndGlobalSection
	GlobalSection(SolutionProperties) = preSolution
		HideSolutionNode = FALSE
	EndGlobalSection
	GlobalSection(ExtensibilityGlobals) = postSolution
		SolutionGuid = {1EAAE2B5-8A14-4A9C-B8CF-9BB0C51A9093}
	EndGlobalSection
EndGlobal
